
Microsoft Visual Studio Solution File, Format Version 12.00
# Visual Studio Version 16
VisualStudioVersion = 16.0.31624.102
MinimumVisualStudioVersion = 10.0.40219.1
Project("{FAE04EC0-301F-11D3-BF4B-00C04F79EFBC}") = "CompararNumeros", "CompararNumeros\CompararNumeros.csproj", "{DB80902B-D4EC-4BB7-BA21-5BF0548855A4}"
EndProject
Project("{FAE04EC0-301F-11D3-BF4B-00C04F79EFBC}") = "ComparadorTeste", "ComparadorTeste\ComparadorTeste.csproj", "{09C4EBBF-E79A-4E65-90CA-B4F7032F94F2}"
EndProject
Global
	GlobalSection(SolutionConfigurationPlatforms) = preSolution
		Debug|Any CPU = Debug|Any CPU
		Release|Any CPU = Release|Any CPU
	EndGlobalSection
	GlobalSection(ProjectConfigurationPlatforms) = postSolution
		{DB80902B-D4EC-4BB7-BA21-5BF0548855A4}.Debug|Any CPU.ActiveCfg = Debug|Any CPU
		{DB80902B-D4EC-4BB7-BA21-5BF0548855A4}.Debug|Any CPU.Build.0 = Debug|Any CPU
		{DB80902B-D4EC-4BB7-BA21-5BF0548855A4}.Release|Any CPU.ActiveCfg = Release|Any CPU
		{DB80902B-D4EC-4BB7-BA21-5BF0548855A4}.Release|Any CPU.Build.0 = Release|Any CPU
		{09C4EBBF-E79A-4E65-90CA-B4F7032F94F2}.Debug|Any CPU.ActiveCfg = Debug|Any CPU
		{09C4EBBF-E79A-4E65-90CA-B4F7032F94F2}.Debug|Any CPU.Build.0 = Debug|Any CPU
		{09C4EBBF-E79A-4E65-90CA-B4F7032F94F2}.Release|Any CPU.ActiveCfg = Release|Any CPU
		{09C4EBBF-E79A-4E65-90CA-B4F7032F94F2}.Release|Any CPU.Build.0 = Release|Any CPU
	EndGlobalSection
	GlobalSection(SolutionProperties) = preSolution
		HideSolutionNode = FALSE
	EndGlobalSection
	GlobalSection(ExtensibilityGlobals) = postSolution
		SolutionGuid = {F4B0979F-FA62-466F-9599-E8160ADAF23D}
	EndGlobalSection
EndGlobal
